{
    "_readme": [
        "This file locks the dependencies of your project to a known state",
        "Read more about it at https://getcomposer.org/doc/01-basic-usage.md#installing-dependencies",
        "This file is @generated automatically"
    ],
    "content-hash": "22319729a08d70f2642e9ddbbd86d019",
    "packages": [
        {
            "name": "erusev/parsedown",
            "version": "1.8.0-beta-7",
            "source": {
                "type": "git",
                "url": "https://github.com/erusev/parsedown.git",
                "reference": "fe7a50eceb4a3c867cc9fa9c0aa906b1067d1955"
            },
            "dist": {
                "type": "zip",
                "url": "https://api.github.com/repos/erusev/parsedown/zipball/fe7a50eceb4a3c867cc9fa9c0aa906b1067d1955",
                "reference": "fe7a50eceb4a3c867cc9fa9c0aa906b1067d1955",
                "shasum": ""
            },
            "require": {
                "ext-mbstring": "*",
                "php": ">=5.3.0"
            },
            "require-dev": {
                "phpunit/phpunit": "^4.8.35"
            },
            "type": "library",
            "autoload": {
                "psr-0": {
                    "Parsedown": ""
                }
            },
            "notification-url": "https://packagist.org/downloads/",
            "license": [
                "MIT"
            ],
            "authors": [
                {
                    "name": "Emanuil Rusev",
                    "email": "hello@erusev.com",
                    "homepage": "http://erusev.com"
                }
            ],
            "description": "Parser for Markdown.",
            "homepage": "http://parsedown.org",
            "keywords": [
                "markdown",
                "parser"
            ],
            "time": "2019-03-17T18:47:21+00:00"
        },
        {
            "name": "wpeasy/wpeasy-library",
            "version": "1.0.3",
            "source": {
                "type": "git",
                "url": "https://github.com/wpeasy/wpeasy-library.git",
                "reference": "8aa99d7978df9289610dd88c3700e5394a92c3e8"
            },
            "dist": {
                "type": "zip",
                "url": "https://api.github.com/repos/wpeasy/wpeasy-library/zipball/8aa99d7978df9289610dd88c3700e5394a92c3e8",
                "reference": "8aa99d7978df9289610dd88c3700e5394a92c3e8",
                "shasum": ""
            },
            "type": "library",
            "autoload": {
                "psr-4": {
                    "WPEasyLibrary\\": "src/WPEasyLibrary/"
                }
            },
            "license": [
                "proprietary"
            ],
            "authors": [
                {
                    "name": "Alan Blair",
                    "email": "alan@wpeasy.net"
                }
            ],
            "description": "Library used by WPEasy WordPress plugins",
            "support": {
                "source": "https://github.com/wpeasy/wpeasy-library/tree/1.03",
                "issues": "https://github.com/wpeasy/wpeasy-library/issues"
            },
            "time": "2019-12-27T22:15:55+00:00"
        }
    ],
    "packages-dev": [],
    "aliases": [],
    "minimum-stability": "dev",
    "stability-flags": [],
    "prefer-stable": false,
    "prefer-lowest": false,
    "platform": [],
    "platform-dev": []
}
