{
    "_readme": [
        "This file locks the dependencies of your project to a known state",
        "Read more about it at https://getcomposer.org/doc/01-basic-usage.md#installing-dependencies",
        "This file is @generated automatically"
    ],
    "content-hash": "ac501baaa0faa01f8a541ecc8c305d6e",
    "packages": [
        {
            "name": "erusev/parsedown",
            "version": "1.7.3",
            "source": {
                "type": "git",
                "url": "https://github.com/erusev/parsedown.git",
                "reference": "6d893938171a817f4e9bc9e86f2da1e370b7bcd7"
            },
            "dist": {
                "type": "zip",
                "url": "https://api.github.com/repos/erusev/parsedown/zipball/6d893938171a817f4e9bc9e86f2da1e370b7bcd7",
                "reference": "6d893938171a817f4e9bc9e86f2da1e370b7bcd7",
                "shasum": ""
            },
            "require": {
                "ext-mbstring": "*",
                "php": ">=5.3.0"
            },
            "require-dev": {
                "phpunit/phpunit": "^4.8.35"
            },
            "type": "library",
            "autoload": {
                "psr-0": {
                    "Parsedown": ""
                }
            },
            "notification-url": "https://packagist.org/downloads/",
            "license": [
                "MIT"
            ],
            "authors": [
                {
                    "name": "Emanuil Rusev",
                    "email": "hello@erusev.com",
                    "homepage": "http://erusev.com"
                }
            ],
            "description": "Parser for Markdown.",
            "homepage": "http://parsedown.org",
            "keywords": [
                "markdown",
                "parser"
            ],
            "time": "2019-03-17T18:48:37+00:00"
        },
        {
            "name": "wpeasy/wpeasy-library",
            "version": "v1.0.4",
            "source": {
                "type": "git",
                "url": "https://github.com/wpeasy/wpeasy-library.git",
                "reference": "ad0df78eb17b87aae17b3fddd6b0b08e0ea08ebc"
            },
            "dist": {
                "type": "zip",
                "url": "https://api.github.com/repos/wpeasy/wpeasy-library/zipball/ad0df78eb17b87aae17b3fddd6b0b08e0ea08ebc",
                "reference": "ad0df78eb17b87aae17b3fddd6b0b08e0ea08ebc",
                "shasum": ""
            },
            "type": "library",
            "autoload": {
                "psr-4": {
                    "WPEasyLibrary\\": "src/WPEasyLibrary/"
                }
            },
            "license": [
                "proprietary"
            ],
            "authors": [
                {
                    "name": "Alan Blair",
                    "email": "alan@wpeasy.net"
                }
            ],
            "description": "Library used by WPEasy WordPress plugins",
            "support": {
                "source": "https://github.com/wpeasy/wpeasy-library/tree/v1.0.4",
                "issues": "https://github.com/wpeasy/wpeasy-library/issues"
            },
            "time": "2019-12-27T23:17:12+00:00"
        }
    ],
    "packages-dev": [],
    "aliases": [],
    "minimum-stability": "stable",
    "stability-flags": [],
    "prefer-stable": false,
    "prefer-lowest": false,
    "platform": [],
    "platform-dev": []
}
